
Microsoft Visual Studio Solution File, Format Version 12.00
# Visual Studio Version 17
VisualStudioVersion = 17.4.33122.133
MinimumVisualStudioVersion = 10.0.40219.1
Project("{FAE04EC0-301F-11D3-BF4B-00C04F79EFBC}") = "CourseWorkWeb", "CourseWorkWeb\CourseWorkWeb.csproj", "{C8A399B8-624A-4607-917E-79CC52779272}"
EndProject
Global
	GlobalSection(SolutionConfigurationPlatforms) = preSolution
		Debug|Any CPU = Debug|Any CPU
		Release|Any CPU = Release|Any CPU
	EndGlobalSection
	GlobalSection(ProjectConfigurationPlatforms) = postSolution
		{C8A399B8-624A-4607-917E-79CC52779272}.Debug|Any CPU.ActiveCfg = Debug|Any CPU
		{C8A399B8-624A-4607-917E-79CC52779272}.Debug|Any CPU.Build.0 = Debug|Any CPU
		{C8A399B8-624A-4607-917E-79CC52779272}.Release|Any CPU.ActiveCfg = Release|Any CPU
		{C8A399B8-624A-4607-917E-79CC52779272}.Release|Any CPU.Build.0 = Release|Any CPU
	EndGlobalSection
	GlobalSection(SolutionProperties) = preSolution
		HideSolutionNode = FALSE
	EndGlobalSection
	GlobalSection(ExtensibilityGlobals) = postSolution
		SolutionGuid = {D6CE97A0-1F2D-4576-A9A7-B7C546220C3E}
	EndGlobalSection
EndGlobal
